// !$*UTF8*$!
{
	archiveVersion = 1;
	classes = {
	};
	objectVersion = 46;
	objects = {

/* Begin PBXBuildFile section */
		AC2D39811A822C8F007A9CB2 /* bongSDK.framework in Frameworks */ = {isa = PBXBuildFile; fileRef = AC2D39801A822C8F007A9CB2 /* bongSDK.framework */; };
		AC3A7DFB1A6659D900AF5B6B /* main.m in Sources */ = {isa = PBXBuildFile; fileRef = AC3A7DFA1A6659D900AF5B6B /* main.m */; };
		AC3A7DFE1A6659D900AF5B6B /* AppDelegate.m in Sources */ = {isa = PBXBuildFile; fileRef = AC3A7DFD1A6659D900AF5B6B /* AppDelegate.m */; };
		AC3A7E011A6659D900AF5B6B /* ViewController.m in Sources */ = {isa = PBXBuildFile; fileRef = AC3A7E001A6659D900AF5B6B /* ViewController.m */; };
		AC3A7E041A6659D900AF5B6B /* Main.storyboard in Resources */ = {isa = PBXBuildFile; fileRef = AC3A7E021A6659D900AF5B6B /* Main.storyboard */; };
		AC3A7E061A6659D900AF5B6B /* Images.xcassets in Resources */ = {isa = PBXBuildFile; fileRef = AC3A7E051A6659D900AF5B6B /* Images.xcassets */; };
		AC3A7E091A6659D900AF5B6B /* LaunchScreen.xib in Resources */ = {isa = PBXBuildFile; fileRef = AC3A7E071A6659D900AF5B6B /* LaunchScreen.xib */; };
		AC3A7E151A6659D900AF5B6B /* ExampleTests.m in Sources */ = {isa = PBXBuildFile; fileRef = AC3A7E141A6659D900AF5B6B /* ExampleTests.m */; };
		ACACB4BC1AD5348200E85B4E /* AFHTTPRequestOperation.m in Sources */ = {isa = PBXBuildFile; fileRef = ACACB3191AD5348100E85B4E /* AFHTTPRequestOperation.m */; };
		ACACB4BD1AD5348200E85B4E /* AFHTTPRequestOperationManager.m in Sources */ = {isa = PBXBuildFile; fileRef = ACACB31B1AD5348100E85B4E /* AFHTTPRequestOperationManager.m */; };
		ACACB4BE1AD5348200E85B4E /* AFHTTPSessionManager.m in Sources */ = {isa = PBXBuildFile; fileRef = ACACB31D1AD5348100E85B4E /* AFHTTPSessionManager.m */; };
		ACACB4BF1AD5348200E85B4E /* AFNetworkReachabilityManager.m in Sources */ = {isa = PBXBuildFile; fileRef = ACACB3201AD5348100E85B4E /* AFNetworkReachabilityManager.m */; };
		ACACB4C01AD5348200E85B4E /* AFSecurityPolicy.m in Sources */ = {isa = PBXBuildFile; fileRef = ACACB3221AD5348100E85B4E /* AFSecurityPolicy.m */; };
		ACACB4C11AD5348200E85B4E /* AFURLConnectionOperation.m in Sources */ = {isa = PBXBuildFile; fileRef = ACACB3241AD5348100E85B4E /* AFURLConnectionOperation.m */; };
		ACACB4C21AD5348200E85B4E /* AFURLRequestSerialization.m in Sources */ = {isa = PBXBuildFile; fileRef = ACACB3261AD5348100E85B4E /* AFURLRequestSerialization.m */; };
		ACACB4C31AD5348200E85B4E /* AFURLResponseSerialization.m in Sources */ = {isa = PBXBuildFile; fileRef = ACACB3281AD5348100E85B4E /* AFURLResponseSerialization.m */; };
		ACACB4C41AD5348200E85B4E /* AFURLSessionManager.m in Sources */ = {isa = PBXBuildFile; fileRef = ACACB32A1AD5348100E85B4E /* AFURLSessionManager.m */; };
		ACACB5151AD5348200E85B4E /* JSONModel.m in Sources */ = {isa = PBXBuildFile; fileRef = ACACB3B41AD5348200E85B4E /* JSONModel.m */; };
		ACACB5161AD5348200E85B4E /* JSONModelArray.m in Sources */ = {isa = PBXBuildFile; fileRef = ACACB3B61AD5348200E85B4E /* JSONModelArray.m */; };
		ACACB5171AD5348200E85B4E /* JSONModelClassProperty.m in Sources */ = {isa = PBXBuildFile; fileRef = ACACB3B81AD5348200E85B4E /* JSONModelClassProperty.m */; };
		ACACB5181AD5348200E85B4E /* JSONModelError.m in Sources */ = {isa = PBXBuildFile; fileRef = ACACB3BA1AD5348200E85B4E /* JSONModelError.m */; };
		ACACB5191AD5348200E85B4E /* NSArray+JSONModel.m in Sources */ = {isa = PBXBuildFile; fileRef = ACACB3BD1AD5348200E85B4E /* NSArray+JSONModel.m */; };
		ACACB51D1AD5348200E85B4E /* JSONKeyMapper.m in Sources */ = {isa = PBXBuildFile; fileRef = ACACB3C81AD5348200E85B4E /* JSONKeyMapper.m */; };
		ACACB51E1AD5348200E85B4E /* JSONValueTransformer.m in Sources */ = {isa = PBXBuildFile; fileRef = ACACB3CA1AD5348200E85B4E /* JSONValueTransformer.m */; };
		ACACB5A21AD5348200E85B4E /* MBProgressHUD.m in Sources */ = {isa = PBXBuildFile; fileRef = ACACB4B21AD5348200E85B4E /* MBProgressHUD.m */; };
/* End PBXBuildFile section */

/* Begin PBXContainerItemProxy section */
		AC3A7E0F1A6659D900AF5B6B /* PBXContainerItemProxy */ = {
			isa = PBXContainerItemProxy;
			containerPortal = AC3A7DED1A6659D900AF5B6B /* Project object */;
			proxyType = 1;
			remoteGlobalIDString = AC3A7DF41A6659D900AF5B6B;
			remoteInfo = Example;
		};
/* End PBXContainerItemProxy section */

/* Begin PBXFileReference section */
		AC2D39801A822C8F007A9CB2 /* bongSDK.framework */ = {isa = PBXFileReference; lastKnownFileType = wrapper.framework; name = bongSDK.framework; path = ../../bongSDK/bongSDK.framework; sourceTree = "<group>"; };
		AC3A7DF51A6659D900AF5B6B /* Example.app */ = {isa = PBXFileReference; explicitFileType = wrapper.application; includeInIndex = 0; path = Example.app; sourceTree = BUILT_PRODUCTS_DIR; };
		AC3A7DF91A6659D900AF5B6B /* Info.plist */ = {isa = PBXFileReference; lastKnownFileType = text.plist.xml; path = Info.plist; sourceTree = "<group>"; };
		AC3A7DFA1A6659D900AF5B6B /* main.m */ = {isa = PBXFileReference; lastKnownFileType = sourcecode.c.objc; path = main.m; sourceTree = "<group>"; };
		AC3A7DFC1A6659D900AF5B6B /* AppDelegate.h */ = {isa = PBXFileReference; lastKnownFileType = sourcecode.c.h; path = AppDelegate.h; sourceTree = "<group>"; };
		AC3A7DFD1A6659D900AF5B6B /* AppDelegate.m */ = {isa = PBXFileReference; lastKnownFileType = sourcecode.c.objc; path = AppDelegate.m; sourceTree = "<group>"; };
		AC3A7DFF1A6659D900AF5B6B /* ViewController.h */ = {isa = PBXFileReference; lastKnownFileType = sourcecode.c.h; path = ViewController.h; sourceTree = "<group>"; };
		AC3A7E001A6659D900AF5B6B /* ViewController.m */ = {isa = PBXFileReference; lastKnownFileType = sourcecode.c.objc; path = ViewController.m; sourceTree = "<group>"; };
		AC3A7E031A6659D900AF5B6B /* Base */ = {isa = PBXFileReference; lastKnownFileType = file.storyboard; name = Base; path = Base.lproj/Main.storyboard; sourceTree = "<group>"; };
		AC3A7E051A6659D900AF5B6B /* Images.xcassets */ = {isa = PBXFileReference; lastKnownFileType = folder.assetcatalog; path = Images.xcassets; sourceTree = "<group>"; };
		AC3A7E081A6659D900AF5B6B /* Base */ = {isa = PBXFileReference; lastKnownFileType = file.xib; name = Base; path = Base.lproj/LaunchScreen.xib; sourceTree = "<group>"; };
		AC3A7E0E1A6659D900AF5B6B /* ExampleTests.xctest */ = {isa = PBXFileReference; explicitFileType = wrapper.cfbundle; includeInIndex = 0; path = ExampleTests.xctest; sourceTree = BUILT_PRODUCTS_DIR; };
		AC3A7E131A6659D900AF5B6B /* Info.plist */ = {isa = PBXFileReference; lastKnownFileType = text.plist.xml; path = Info.plist; sourceTree = "<group>"; };
		AC3A7E141A6659D900AF5B6B /* ExampleTests.m */ = {isa = PBXFileReference; lastKnownFileType = sourcecode.c.objc; path = ExampleTests.m; sourceTree = "<group>"; };
		ACACB3181AD5348100E85B4E /* AFHTTPRequestOperation.h */ = {isa = PBXFileReference; fileEncoding = 4; lastKnownFileType = sourcecode.c.h; path = AFHTTPRequestOperation.h; sourceTree = "<group>"; };
		ACACB3191AD5348100E85B4E /* AFHTTPRequestOperation.m */ = {isa = PBXFileReference; fileEncoding = 4; lastKnownFileType = sourcecode.c.objc; path = AFHTTPRequestOperation.m; sourceTree = "<group>"; };
		ACACB31A1AD5348100E85B4E /* AFHTTPRequestOperationManager.h */ = {isa = PBXFileReference; fileEncoding = 4; lastKnownFileType = sourcecode.c.h; path = AFHTTPRequestOperationManager.h; sourceTree = "<group>"; };
		ACACB31B1AD5348100E85B4E /* AFHTTPRequestOperationManager.m */ = {isa = PBXFileReference; fileEncoding = 4; lastKnownFileType = sourcecode.c.objc; path = AFHTTPRequestOperationManager.m; sourceTree = "<group>"; };
		ACACB31C1AD5348100E85B4E /* AFHTTPSessionManager.h */ = {isa = PBXFileReference; fileEncoding = 4; lastKnownFileType = sourcecode.c.h; path = AFHTTPSessionManager.h; sourceTree = "<group>"; };
		ACACB31D1AD5348100E85B4E /* AFHTTPSessionManager.m */ = {isa = PBXFileReference; fileEncoding = 4; lastKnownFileType = sourcecode.c.objc; path = AFHTTPSessionManager.m; sourceTree = "<group>"; };
		ACACB31E1AD5348100E85B4E /* AFNetworking.h */ = {isa = PBXFileReference; fileEncoding = 4; lastKnownFileType = sourcecode.c.h; path = AFNetworking.h; sourceTree = "<group>"; };
		ACACB31F1AD5348100E85B4E /* AFNetworkReachabilityManager.h */ = {isa = PBXFileReference; fileEncoding = 4; lastKnownFileType = sourcecode.c.h; path = AFNetworkReachabilityManager.h; sourceTree = "<group>"; };
		ACACB3201AD5348100E85B4E /* AFNetworkReachabilityManager.m */ = {isa = PBXFileReference; fileEncoding = 4; lastKnownFileType = sourcecode.c.objc; path = AFNetworkReachabilityManager.m; sourceTree = "<group>"; };
		ACACB3211AD5348100E85B4E /* AFSecurityPolicy.h */ = {isa = PBXFileReference; fileEncoding = 4; lastKnownFileType = sourcecode.c.h; path = AFSecurityPolicy.h; sourceTree = "<group>"; };
		ACACB3221AD5348100E85B4E /* AFSecurityPolicy.m */ = {isa = PBXFileReference; fileEncoding = 4; lastKnownFileType = sourcecode.c.objc; path = AFSecurityPolicy.m; sourceTree = "<group>"; };
		ACACB3231AD5348100E85B4E /* AFURLConnectionOperation.h */ = {isa = PBXFileReference; fileEncoding = 4; lastKnownFileType = sourcecode.c.h; path = AFURLConnectionOperation.h; sourceTree = "<group>"; };
		ACACB3241AD5348100E85B4E /* AFURLConnectionOperation.m */ = {isa = PBXFileReference; fileEncoding = 4; lastKnownFileType = sourcecode.c.objc; path = AFURLConnectionOperation.m; sourceTree = "<group>"; };
		ACACB3251AD5348100E85B4E /* AFURLRequestSerialization.h */ = {isa = PBXFileReference; fileEncoding = 4; lastKnownFileType = sourcecode.c.h; path = AFURLRequestSerialization.h; sourceTree = "<group>"; };
		ACACB3261AD5348100E85B4E /* AFURLRequestSerialization.m */ = {isa = PBXFileReference; fileEncoding = 4; lastKnownFileType = sourcecode.c.objc; path = AFURLRequestSerialization.m; sourceTree = "<group>"; };
		ACACB3271AD5348100E85B4E /* AFURLResponseSerialization.h */ = {isa = PBXFileReference; fileEncoding = 4; lastKnownFileType = sourcecode.c.h; path = AFURLResponseSerialization.h; sourceTree = "<group>"; };
		ACACB3281AD5348100E85B4E /* AFURLResponseSerialization.m */ = {isa = PBXFileReference; fileEncoding = 4; lastKnownFileType = sourcecode.c.objc; path = AFURLResponseSerialization.m; sourceTree = "<group>"; };
		ACACB3291AD5348100E85B4E /* AFURLSessionManager.h */ = {isa = PBXFileReference; fileEncoding = 4; lastKnownFileType = sourcecode.c.h; path = AFURLSessionManager.h; sourceTree = "<group>"; };
		ACACB32A1AD5348100E85B4E /* AFURLSessionManager.m */ = {isa = PBXFileReference; fileEncoding = 4; lastKnownFileType = sourcecode.c.objc; path = AFURLSessionManager.m; sourceTree = "<group>"; };
		ACACB3B31AD5348200E85B4E /* JSONModel.h */ = {isa = PBXFileReference; fileEncoding = 4; lastKnownFileType = sourcecode.c.h; path = JSONModel.h; sourceTree = "<group>"; };
		ACACB3B41AD5348200E85B4E /* JSONModel.m */ = {isa = PBXFileReference; fileEncoding = 4; lastKnownFileType = sourcecode.c.objc; path = JSONModel.m; sourceTree = "<group>"; };
		ACACB3B51AD5348200E85B4E /* JSONModelArray.h */ = {isa = PBXFileReference; fileEncoding = 4; lastKnownFileType = sourcecode.c.h; path = JSONModelArray.h; sourceTree = "<group>"; };
		ACACB3B61AD5348200E85B4E /* JSONModelArray.m */ = {isa = PBXFileReference; fileEncoding = 4; lastKnownFileType = sourcecode.c.objc; path = JSONModelArray.m; sourceTree = "<group>"; };
		ACACB3B71AD5348200E85B4E /* JSONModelClassProperty.h */ = {isa = PBXFileReference; fileEncoding = 4; lastKnownFileType = sourcecode.c.h; path = JSONModelClassProperty.h; sourceTree = "<group>"; };
		ACACB3B81AD5348200E85B4E /* JSONModelClassProperty.m */ = {isa = PBXFileReference; fileEncoding = 4; lastKnownFileType = sourcecode.c.objc; path = JSONModelClassProperty.m; sourceTree = "<group>"; };
		ACACB3B91AD5348200E85B4E /* JSONModelError.h */ = {isa = PBXFileReference; fileEncoding = 4; lastKnownFileType = sourcecode.c.h; path = JSONModelError.h; sourceTree = "<group>"; };
		ACACB3BA1AD5348200E85B4E /* JSONModelError.m */ = {isa = PBXFileReference; fileEncoding = 4; lastKnownFileType = sourcecode.c.objc; path = JSONModelError.m; sourceTree = "<group>"; };
		ACACB3BC1AD5348200E85B4E /* NSArray+JSONModel.h */ = {isa = PBXFileReference; fileEncoding = 4; lastKnownFileType = sourcecode.c.h; path = "NSArray+JSONModel.h"; sourceTree = "<group>"; };
		ACACB3BD1AD5348200E85B4E /* NSArray+JSONModel.m */ = {isa = PBXFileReference; fileEncoding = 4; lastKnownFileType = sourcecode.c.objc; path = "NSArray+JSONModel.m"; sourceTree = "<group>"; };
		ACACB3BE1AD5348200E85B4E /* JSONModelLib.h */ = {isa = PBXFileReference; fileEncoding = 4; lastKnownFileType = sourcecode.c.h; path = JSONModelLib.h; sourceTree = "<group>"; };
		ACACB3C71AD5348200E85B4E /* JSONKeyMapper.h */ = {isa = PBXFileReference; fileEncoding = 4; lastKnownFileType = sourcecode.c.h; path = JSONKeyMapper.h; sourceTree = "<group>"; };
		ACACB3C81AD5348200E85B4E /* JSONKeyMapper.m */ = {isa = PBXFileReference; fileEncoding = 4; lastKnownFileType = sourcecode.c.objc; path = JSONKeyMapper.m; sourceTree = "<group>"; };
		ACACB3C91AD5348200E85B4E /* JSONValueTransformer.h */ = {isa = PBXFileReference; fileEncoding = 4; lastKnownFileType = sourcecode.c.h; path = JSONValueTransformer.h; sourceTree = "<group>"; };
		ACACB3CA1AD5348200E85B4E /* JSONValueTransformer.m */ = {isa = PBXFileReference; fileEncoding = 4; lastKnownFileType = sourcecode.c.objc; path = JSONValueTransformer.m; sourceTree = "<group>"; };
		ACACB4B11AD5348200E85B4E /* MBProgressHUD.h */ = {isa = PBXFileReference; fileEncoding = 4; lastKnownFileType = sourcecode.c.h; path = MBProgressHUD.h; sourceTree = "<group>"; };
		ACACB4B21AD5348200E85B4E /* MBProgressHUD.m */ = {isa = PBXFileReference; fileEncoding = 4; lastKnownFileType = sourcecode.c.objc; path = MBProgressHUD.m; sourceTree = "<group>"; };
/* End PBXFileReference section */

/* Begin PBXFrameworksBuildPhase section */
		AC3A7DF21A6659D900AF5B6B /* Frameworks */ = {
			isa = PBXFrameworksBuildPhase;
			buildActionMask = 2147483647;
			files = (
				AC2D39811A822C8F007A9CB2 /* bongSDK.framework in Frameworks */,
			);
			runOnlyForDeploymentPostprocessing = 0;
		};
		AC3A7E0B1A6659D900AF5B6B /* Frameworks */ = {
			isa = PBXFrameworksBuildPhase;
			buildActionMask = 2147483647;
			files = (
			);
			runOnlyForDeploymentPostprocessing = 0;
		};
/* End PBXFrameworksBuildPhase section */

/* Begin PBXGroup section */
		AC3A7DEC1A6659D900AF5B6B = {
			isa = PBXGroup;
			children = (
				ACACB3121AD5348100E85B4E /* Vendor */,
				AC3A7DF71A6659D900AF5B6B /* Example */,
				AC3A7E111A6659D900AF5B6B /* ExampleTests */,
				AC3A7DF61A6659D900AF5B6B /* Products */,
			);
			sourceTree = "<group>";
		};
		AC3A7DF61A6659D900AF5B6B /* Products */ = {
			isa = PBXGroup;
			children = (
				AC3A7DF51A6659D900AF5B6B /* Example.app */,
				AC3A7E0E1A6659D900AF5B6B /* ExampleTests.xctest */,
			);
			name = Products;
			sourceTree = "<group>";
		};
		AC3A7DF71A6659D900AF5B6B /* Example */ = {
			isa = PBXGroup;
			children = (
				AC2D39801A822C8F007A9CB2 /* bongSDK.framework */,
				AC3A7DFC1A6659D900AF5B6B /* AppDelegate.h */,
				AC3A7DFD1A6659D900AF5B6B /* AppDelegate.m */,
				AC3A7DFF1A6659D900AF5B6B /* ViewController.h */,
				AC3A7E001A6659D900AF5B6B /* ViewController.m */,
				AC3A7E021A6659D900AF5B6B /* Main.storyboard */,
				AC3A7E051A6659D900AF5B6B /* Images.xcassets */,
				AC3A7E071A6659D900AF5B6B /* LaunchScreen.xib */,
				ACE088721A76038A00575E3F /* bongSDK */,
				AC3A7DF81A6659D900AF5B6B /* Supporting Files */,
			);
			path = Example;
			sourceTree = "<group>";
		};
		AC3A7DF81A6659D900AF5B6B /* Supporting Files */ = {
			isa = PBXGroup;
			children = (
				AC3A7DF91A6659D900AF5B6B /* Info.plist */,
				AC3A7DFA1A6659D900AF5B6B /* main.m */,
			);
			name = "Supporting Files";
			sourceTree = "<group>";
		};
		AC3A7E111A6659D900AF5B6B /* ExampleTests */ = {
			isa = PBXGroup;
			children = (
				AC3A7E141A6659D900AF5B6B /* ExampleTests.m */,
				AC3A7E121A6659D900AF5B6B /* Supporting Files */,
			);
			path = ExampleTests;
			sourceTree = "<group>";
		};
		AC3A7E121A6659D900AF5B6B /* Supporting Files */ = {
			isa = PBXGroup;
			children = (
				AC3A7E131A6659D900AF5B6B /* Info.plist */,
			);
			name = "Supporting Files";
			sourceTree = "<group>";
		};
		ACACB3121AD5348100E85B4E /* Vendor */ = {
			isa = PBXGroup;
			children = (
				ACACB3171AD5348100E85B4E /* AFNetworking */,
				ACACB3B11AD5348200E85B4E /* JSONModel */,
				ACACB48F1AD5348200E85B4E /* MBProgressHUD */,
			);
			name = Vendor;
			path = ../Vendor;
			sourceTree = "<group>";
		};
		ACACB3171AD5348100E85B4E /* AFNetworking */ = {
			isa = PBXGroup;
			children = (
				ACACB3181AD5348100E85B4E /* AFHTTPRequestOperation.h */,
				ACACB3191AD5348100E85B4E /* AFHTTPRequestOperation.m */,
				ACACB31A1AD5348100E85B4E /* AFHTTPRequestOperationManager.h */,
				ACACB31B1AD5348100E85B4E /* AFHTTPRequestOperationManager.m */,
				ACACB31C1AD5348100E85B4E /* AFHTTPSessionManager.h */,
				ACACB31D1AD5348100E85B4E /* AFHTTPSessionManager.m */,
				ACACB31E1AD5348100E85B4E /* AFNetworking.h */,
				ACACB31F1AD5348100E85B4E /* AFNetworkReachabilityManager.h */,
				ACACB3201AD5348100E85B4E /* AFNetworkReachabilityManager.m */,
				ACACB3211AD5348100E85B4E /* AFSecurityPolicy.h */,
				ACACB3221AD5348100E85B4E /* AFSecurityPolicy.m */,
				ACACB3231AD5348100E85B4E /* AFURLConnectionOperation.h */,
				ACACB3241AD5348100E85B4E /* AFURLConnectionOperation.m */,
				ACACB3251AD5348100E85B4E /* AFURLRequestSerialization.h */,
				ACACB3261AD5348100E85B4E /* AFURLRequestSerialization.m */,
				ACACB3271AD5348100E85B4E /* AFURLResponseSerialization.h */,
				ACACB3281AD5348100E85B4E /* AFURLResponseSerialization.m */,
				ACACB3291AD5348100E85B4E /* AFURLSessionManager.h */,
				ACACB32A1AD5348100E85B4E /* AFURLSessionManager.m */,
			);
			name = AFNetworking;
			path = AFNetworking/AFNetworking;
			sourceTree = "<group>";
		};
		ACACB3B11AD5348200E85B4E /* JSONModel */ = {
			isa = PBXGroup;
			children = (
				ACACB3B21AD5348200E85B4E /* JSONModel */,
				ACACB3BB1AD5348200E85B4E /* JSONModelCategories */,
				ACACB3BE1AD5348200E85B4E /* JSONModelLib.h */,
				ACACB3C61AD5348200E85B4E /* JSONModelTransformations */,
			);
			name = JSONModel;
			path = JSONModel/JSONModel;
			sourceTree = "<group>";
		};
		ACACB3B21AD5348200E85B4E /* JSONModel */ = {
			isa = PBXGroup;
			children = (
				ACACB3B31AD5348200E85B4E /* JSONModel.h */,
				ACACB3B41AD5348200E85B4E /* JSONModel.m */,
				ACACB3B51AD5348200E85B4E /* JSONModelArray.h */,
				ACACB3B61AD5348200E85B4E /* JSONModelArray.m */,
				ACACB3B71AD5348200E85B4E /* JSONModelClassProperty.h */,
				ACACB3B81AD5348200E85B4E /* JSONModelClassProperty.m */,
				ACACB3B91AD5348200E85B4E /* JSONModelError.h */,
				ACACB3BA1AD5348200E85B4E /* JSONModelError.m */,
			);
			path = JSONModel;
			sourceTree = "<group>";
		};
		ACACB3BB1AD5348200E85B4E /* JSONModelCategories */ = {
			isa = PBXGroup;
			children = (
				ACACB3BC1AD5348200E85B4E /* NSArray+JSONModel.h */,
				ACACB3BD1AD5348200E85B4E /* NSArray+JSONModel.m */,
			);
			path = JSONModelCategories;
			sourceTree = "<group>";
		};
		ACACB3C61AD5348200E85B4E /* JSONModelTransformations */ = {
			isa = PBXGroup;
			children = (
				ACACB3C71AD5348200E85B4E /* JSONKeyMapper.h */,
				ACACB3C81AD5348200E85B4E /* JSONKeyMapper.m */,
				ACACB3C91AD5348200E85B4E /* JSONValueTransformer.h */,
				ACACB3CA1AD5348200E85B4E /* JSONValueTransformer.m */,
			);
			path = JSONModelTransformations;
			sourceTree = "<group>";
		};
		ACACB48F1AD5348200E85B4E /* MBProgressHUD */ = {
			isa = PBXGroup;
			children = (
				ACACB4B11AD5348200E85B4E /* MBProgressHUD.h */,
				ACACB4B21AD5348200E85B4E /* MBProgressHUD.m */,
			);
			path = MBProgressHUD;
			sourceTree = "<group>";
		};
		ACE088721A76038A00575E3F /* bongSDK */ = {
			isa = PBXGroup;
			children = (
			);
			name = bongSDK;
			path = ../../bongSDK;
			sourceTree = "<group>";
		};
/* End PBXGroup section */

/* Begin PBXNativeTarget section */
		AC3A7DF41A6659D900AF5B6B /* Example */ = {
			isa = PBXNativeTarget;
			buildConfigurationList = AC3A7E181A6659D900AF5B6B /* Build configuration list for PBXNativeTarget "Example" */;
			buildPhases = (
				AC3A7DF11A6659D900AF5B6B /* Sources */,
				AC3A7DF21A6659D900AF5B6B /* Frameworks */,
				AC3A7DF31A6659D900AF5B6B /* Resources */,
			);
			buildRules = (
			);
			dependencies = (
			);
			name = Example;
			productName = Example;
			productReference = AC3A7DF51A6659D900AF5B6B /* Example.app */;
			productType = "com.apple.product-type.application";
		};
		AC3A7E0D1A6659D900AF5B6B /* ExampleTests */ = {
			isa = PBXNativeTarget;
			buildConfigurationList = AC3A7E1B1A6659D900AF5B6B /* Build configuration list for PBXNativeTarget "ExampleTests" */;
			buildPhases = (
				AC3A7E0A1A6659D900AF5B6B /* Sources */,
				AC3A7E0B1A6659D900AF5B6B /* Frameworks */,
				AC3A7E0C1A6659D900AF5B6B /* Resources */,
			);
			buildRules = (
			);
			dependencies = (
				AC3A7E101A6659D900AF5B6B /* PBXTargetDependency */,
			);
			name = ExampleTests;
			productName = ExampleTests;
			productReference = AC3A7E0E1A6659D900AF5B6B /* ExampleTests.xctest */;
			productType = "com.apple.product-type.bundle.unit-test";
		};
/* End PBXNativeTarget section */

/* Begin PBXProject section */
		AC3A7DED1A6659D900AF5B6B /* Project object */ = {
			isa = PBXProject;
			attributes = {
				LastUpgradeCheck = 0610;
				ORGANIZATIONNAME = "Ginshell Inc.";
				TargetAttributes = {
					AC3A7DF41A6659D900AF5B6B = {
						CreatedOnToolsVersion = 6.1.1;
					};
					AC3A7E0D1A6659D900AF5B6B = {
						CreatedOnToolsVersion = 6.1.1;
						TestTargetID = AC3A7DF41A6659D900AF5B6B;
					};
				};
			};
			buildConfigurationList = AC3A7DF01A6659D900AF5B6B /* Build configuration list for PBXProject "Example" */;
			compatibilityVersion = "Xcode 3.2";
			developmentRegion = English;
			hasScannedForEncodings = 0;
			knownRegions = (
				en,
				Base,
			);
			mainGroup = AC3A7DEC1A6659D900AF5B6B;
			productRefGroup = AC3A7DF61A6659D900AF5B6B /* Products */;
			projectDirPath = "";
			projectRoot = "";
			targets = (
				AC3A7DF41A6659D900AF5B6B /* Example */,
				AC3A7E0D1A6659D900AF5B6B /* ExampleTests */,
			);
		};
/* End PBXProject section */

/* Begin PBXResourcesBuildPhase section */
		AC3A7DF31A6659D900AF5B6B /* Resources */ = {
			isa = PBXResourcesBuildPhase;
			buildActionMask = 2147483647;
			files = (
				AC3A7E041A6659D900AF5B6B /* Main.storyboard in Resources */,
				AC3A7E091A6659D900AF5B6B /* LaunchScreen.xib in Resources */,
				AC3A7E061A6659D900AF5B6B /* Images.xcassets in Resources */,
			);
			runOnlyForDeploymentPostprocessing = 0;
		};
		AC3A7E0C1A6659D900AF5B6B /* Resources */ = {
			isa = PBXResourcesBuildPhase;
			buildActionMask = 2147483647;
			files = (
			);
			runOnlyForDeploymentPostprocessing = 0;
		};
/* End PBXResourcesBuildPhase section */

/* Begin PBXSourcesBuildPhase section */
		AC3A7DF11A6659D900AF5B6B /* Sources */ = {
			isa = PBXSourcesBuildPhase;
			buildActionMask = 2147483647;
			files = (
				ACACB4BC1AD5348200E85B4E /* AFHTTPRequestOperation.m in Sources */,
				ACACB51E1AD5348200E85B4E /* JSONValueTransformer.m in Sources */,
				ACACB5171AD5348200E85B4E /* JSONModelClassProperty.m in Sources */,
				ACACB5181AD5348200E85B4E /* JSONModelError.m in Sources */,
				AC3A7E011A6659D900AF5B6B /* ViewController.m in Sources */,
				ACACB4BD1AD5348200E85B4E /* AFHTTPRequestOperationManager.m in Sources */,
				ACACB4BF1AD5348200E85B4E /* AFNetworkReachabilityManager.m in Sources */,
				ACACB4C31AD5348200E85B4E /* AFURLResponseSerialization.m in Sources */,
				ACACB51D1AD5348200E85B4E /* JSONKeyMapper.m in Sources */,
				ACACB4C11AD5348200E85B4E /* AFURLConnectionOperation.m in Sources */,
				ACACB4C01AD5348200E85B4E /* AFSecurityPolicy.m in Sources */,
				ACACB5161AD5348200E85B4E /* JSONModelArray.m in Sources */,
				ACACB4BE1AD5348200E85B4E /* AFHTTPSessionManager.m in Sources */,
				ACACB4C21AD5348200E85B4E /* AFURLRequestSerialization.m in Sources */,
				ACACB5191AD5348200E85B4E /* NSArray+JSONModel.m in Sources */,
				ACACB5A21AD5348200E85B4E /* MBProgressHUD.m in Sources */,
				ACACB5151AD5348200E85B4E /* JSONModel.m in Sources */,
				ACACB4C41AD5348200E85B4E /* AFURLSessionManager.m in Sources */,
				AC3A7DFE1A6659D900AF5B6B /* AppDelegate.m in Sources */,
				AC3A7DFB1A6659D900AF5B6B /* main.m in Sources */,
			);
			runOnlyForDeploymentPostprocessing = 0;
		};
		AC3A7E0A1A6659D900AF5B6B /* Sources */ = {
			isa = PBXSourcesBuildPhase;
			buildActionMask = 2147483647;
			files = (
				AC3A7E151A6659D900AF5B6B /* ExampleTests.m in Sources */,
			);
			runOnlyForDeploymentPostprocessing = 0;
		};
/* End PBXSourcesBuildPhase section */

/* Begin PBXTargetDependency section */
		AC3A7E101A6659D900AF5B6B /* PBXTargetDependency */ = {
			isa = PBXTargetDependency;
			target = AC3A7DF41A6659D900AF5B6B /* Example */;
			targetProxy = AC3A7E0F1A6659D900AF5B6B /* PBXContainerItemProxy */;
		};
/* End PBXTargetDependency section */

/* Begin PBXVariantGroup section */
		AC3A7E021A6659D900AF5B6B /* Main.storyboard */ = {
			isa = PBXVariantGroup;
			children = (
				AC3A7E031A6659D900AF5B6B /* Base */,
			);
			name = Main.storyboard;
			sourceTree = "<group>";
		};
		AC3A7E071A6659D900AF5B6B /* LaunchScreen.xib */ = {
			isa = PBXVariantGroup;
			children = (
				AC3A7E081A6659D900AF5B6B /* Base */,
			);
			name = LaunchScreen.xib;
			sourceTree = "<group>";
		};
/* End PBXVariantGroup section */

/* Begin XCBuildConfiguration section */
		AC3A7E161A6659D900AF5B6B /* Debug */ = {
			isa = XCBuildConfiguration;
			buildSettings = {
				ALWAYS_SEARCH_USER_PATHS = NO;
				CLANG_CXX_LANGUAGE_STANDARD = "gnu++0x";
				CLANG_CXX_LIBRARY = "libc++";
				CLANG_ENABLE_MODULES = YES;
				CLANG_ENABLE_OBJC_ARC = YES;
				CLANG_WARN_BOOL_CONVERSION = YES;
				CLANG_WARN_CONSTANT_CONVERSION = YES;
				CLANG_WARN_DIRECT_OBJC_ISA_USAGE = YES_ERROR;
				CLANG_WARN_EMPTY_BODY = YES;
				CLANG_WARN_ENUM_CONVERSION = YES;
				CLANG_WARN_INT_CONVERSION = YES;
				CLANG_WARN_OBJC_ROOT_CLASS = YES_ERROR;
				CLANG_WARN_UNREACHABLE_CODE = YES;
				CLANG_WARN__DUPLICATE_METHOD_MATCH = YES;
				"CODE_SIGN_IDENTITY[sdk=iphoneos*]" = "iPhone Developer";
				COPY_PHASE_STRIP = NO;
				ENABLE_STRICT_OBJC_MSGSEND = YES;
				GCC_C_LANGUAGE_STANDARD = gnu99;
				GCC_DYNAMIC_NO_PIC = NO;
				GCC_OPTIMIZATION_LEVEL = 0;
				GCC_PREPROCESSOR_DEFINITIONS = (
					"DEBUG=1",
					"$(inherited)",
				);
				GCC_SYMBOLS_PRIVATE_EXTERN = NO;
				GCC_WARN_64_TO_32_BIT_CONVERSION = YES;
				GCC_WARN_ABOUT_RETURN_TYPE = YES_ERROR;
				GCC_WARN_UNDECLARED_SELECTOR = YES;
				GCC_WARN_UNINITIALIZED_AUTOS = YES_AGGRESSIVE;
				GCC_WARN_UNUSED_FUNCTION = YES;
				GCC_WARN_UNUSED_VARIABLE = YES;
				IPHONEOS_DEPLOYMENT_TARGET = 7.0;
				MTL_ENABLE_DEBUG_INFO = YES;
				ONLY_ACTIVE_ARCH = YES;
				OTHER_LDFLAGS = (
					"$(OTHER_LDFLAGS)",
					"-ObjC",
				);
				SDKROOT = iphoneos;
			};
			name = Debug;
		};
		AC3A7E171A6659D900AF5B6B /* Release */ = {
			isa = XCBuildConfiguration;
			buildSettings = {
				ALWAYS_SEARCH_USER_PATHS = NO;
				CLANG_CXX_LANGUAGE_STANDARD = "gnu++0x";
				CLANG_CXX_LIBRARY = "libc++";
				CLANG_ENABLE_MODULES = YES;
				CLANG_ENABLE_OBJC_ARC = YES;
				CLANG_WARN_BOOL_CONVERSION = YES;
				CLANG_WARN_CONSTANT_CONVERSION = YES;
				CLANG_WARN_DIRECT_OBJC_ISA_USAGE = YES_ERROR;
				CLANG_WARN_EMPTY_BODY = YES;
				CLANG_WARN_ENUM_CONVERSION = YES;
				CLANG_WARN_INT_CONVERSION = YES;
				CLANG_WARN_OBJC_ROOT_CLASS = YES_ERROR;
				CLANG_WARN_UNREACHABLE_CODE = YES;
				CLANG_WARN__DUPLICATE_METHOD_MATCH = YES;
				"CODE_SIGN_IDENTITY[sdk=iphoneos*]" = "iPhone Developer";
				COPY_PHASE_STRIP = YES;
				ENABLE_NS_ASSERTIONS = NO;
				ENABLE_STRICT_OBJC_MSGSEND = YES;
				GCC_C_LANGUAGE_STANDARD = gnu99;
				GCC_WARN_64_TO_32_BIT_CONVERSION = YES;
				GCC_WARN_ABOUT_RETURN_TYPE = YES_ERROR;
				GCC_WARN_UNDECLARED_SELECTOR = YES;
				GCC_WARN_UNINITIALIZED_AUTOS = YES_AGGRESSIVE;
				GCC_WARN_UNUSED_FUNCTION = YES;
				GCC_WARN_UNUSED_VARIABLE = YES;
				IPHONEOS_DEPLOYMENT_TARGET = 7.0;
				MTL_ENABLE_DEBUG_INFO = NO;
				OTHER_LDFLAGS = (
					"$(OTHER_LDFLAGS)",
					"-ObjC",
				);
				SDKROOT = iphoneos;
				VALIDATE_PRODUCT = YES;
			};
			name = Release;
		};
		AC3A7E191A6659D900AF5B6B /* Debug */ = {
			isa = XCBuildConfiguration;
			buildSettings = {
				ASSETCATALOG_COMPILER_APPICON_NAME = AppIcon;
				FRAMEWORK_SEARCH_PATHS = (
					"$(inherited)",
					"$(PROJECT_DIR)/../bongSDK/",
				);
				INFOPLIST_FILE = Example/Info.plist;
				LD_RUNPATH_SEARCH_PATHS = "$(inherited) @executable_path/Frameworks";
				PRODUCT_NAME = "$(TARGET_NAME)";
			};
			name = Debug;
		};
		AC3A7E1A1A6659D900AF5B6B /* Release */ = {
			isa = XCBuildConfiguration;
			buildSettings = {
				ASSETCATALOG_COMPILER_APPICON_NAME = AppIcon;
				FRAMEWORK_SEARCH_PATHS = (
					"$(inherited)",
					"$(PROJECT_DIR)/../bongSDK/",
				);
				INFOPLIST_FILE = Example/Info.plist;
				LD_RUNPATH_SEARCH_PATHS = "$(inherited) @executable_path/Frameworks";
				PRODUCT_NAME = "$(TARGET_NAME)";
			};
			name = Release;
		};
		AC3A7E1C1A6659D900AF5B6B /* Debug */ = {
			isa = XCBuildConfiguration;
			buildSettings = {
				BUNDLE_LOADER = "$(TEST_HOST)";
				FRAMEWORK_SEARCH_PATHS = (
					"$(SDKROOT)/Developer/Library/Frameworks",
					"$(inherited)",
				);
				GCC_PREPROCESSOR_DEFINITIONS = (
					"DEBUG=1",
					"$(inherited)",
				);
				INFOPLIST_FILE = ExampleTests/Info.plist;
				LD_RUNPATH_SEARCH_PATHS = "$(inherited) @executable_path/Frameworks @loader_path/Frameworks";
				PRODUCT_NAME = "$(TARGET_NAME)";
				TEST_HOST = "$(BUILT_PRODUCTS_DIR)/Example.app/Example";
			};
			name = Debug;
		};
		AC3A7E1D1A6659D900AF5B6B /* Release */ = {
			isa = XCBuildConfiguration;
			buildSettings = {
				BUNDLE_LOADER = "$(TEST_HOST)";
				FRAMEWORK_SEARCH_PATHS = (
					"$(SDKROOT)/Developer/Library/Frameworks",
					"$(inherited)",
				);
				INFOPLIST_FILE = ExampleTests/Info.plist;
				LD_RUNPATH_SEARCH_PATHS = "$(inherited) @executable_path/Frameworks @loader_path/Frameworks";
				PRODUCT_NAME = "$(TARGET_NAME)";
				TEST_HOST = "$(BUILT_PRODUCTS_DIR)/Example.app/Example";
			};
			name = Release;
		};
/* End XCBuildConfiguration section */

/* Begin XCConfigurationList section */
		AC3A7DF01A6659D900AF5B6B /* Build configuration list for PBXProject "Example" */ = {
			isa = XCConfigurationList;
			buildConfigurations = (
				AC3A7E161A6659D900AF5B6B /* Debug */,
				AC3A7E171A6659D900AF5B6B /* Release */,
			);
			defaultConfigurationIsVisible = 0;
			defaultConfigurationName = Release;
		};
		AC3A7E181A6659D900AF5B6B /* Build configuration list for PBXNativeTarget "Example" */ = {
			isa = XCConfigurationList;
			buildConfigurations = (
				AC3A7E191A6659D900AF5B6B /* Debug */,
				AC3A7E1A1A6659D900AF5B6B /* Release */,
			);
			defaultConfigurationIsVisible = 0;
			defaultConfigurationName = Release;
		};
		AC3A7E1B1A6659D900AF5B6B /* Build configuration list for PBXNativeTarget "ExampleTests" */ = {
			isa = XCConfigurationList;
			buildConfigurations = (
				AC3A7E1C1A6659D900AF5B6B /* Debug */,
				AC3A7E1D1A6659D900AF5B6B /* Release */,
			);
			defaultConfigurationIsVisible = 0;
			defaultConfigurationName = Release;
		};
/* End XCConfigurationList section */
	};
	rootObject = AC3A7DED1A6659D900AF5B6B /* Project object */;
}
